{
  "nodes": {
    "nixpkgs": {
      "locked": {
        "lastModified": 1751417810,
        "narHash": "sha256-hoQh+oHfrYvWBkWj0j2E+4iUsp5CNFKzi024tvrgJdY=",
        "owner": "NixOS",
        "repo": "nixpkgs",
        "rev": "c7a1d6d6f928b1c2d768b81c7fdea1cf1c405f0a",
        "type": "github"
      },
      "original": {
        "id": "nixpkgs",
        "ref": "nixos-unstable-small",
        "type": "indirect"
      }
    },
    "root": {
      "inputs": {
        "nixpkgs": "nixpkgs"
      }
    }
  },
  "root": "root",
  "version": 7
}
